
Microsoft Visual Studio Solution File, Format Version 12.00
# Visual Studio 2013
VisualStudioVersion = 12.0.21005.1
MinimumVisualStudioVersion = 10.0.40219.1
Project("{FAE04EC0-301F-11D3-BF4B-00C04F79EFBC}") = "CatchTheFish.CollectData", "CollectData\CatchTheFish.CollectData.csproj", "{6A3DD87E-9EF8-4E1B-897F-66D1BEDB4602}"
	ProjectSection(ProjectDependencies) = postProject
		{BBCAE507-A401-4951-B944-4C538131B6F6} = {BBCAE507-A401-4951-B944-4C538131B6F6}
		{CB124F34-866A-41F5-B4F0-43A92C11385F} = {CB124F34-866A-41F5-B4F0-43A92C11385F}
		{0362966B-6D6F-491B-808F-2A7B6205730D} = {0362966B-6D6F-491B-808F-2A7B6205730D}
		{C0212E92-E1CF-4ECC-84CA-56C2F6C14217} = {C0212E92-E1CF-4ECC-84CA-56C2F6C14217}
		{604C90BA-664B-4CD1-AF0D-4ED03182DCE5} = {604C90BA-664B-4CD1-AF0D-4ED03182DCE5}
		{5625B0E4-A812-4809-A6C8-0CEF7F516085} = {5625B0E4-A812-4809-A6C8-0CEF7F516085}
	EndProjectSection
EndProject
Project("{FAE04EC0-301F-11D3-BF4B-00C04F79EFBC}") = "CatchTheFish.DbEntities", "CatchTheFish.DbEntities\CatchTheFish.DbEntities.csproj", "{CB124F34-866A-41F5-B4F0-43A92C11385F}"
EndProject
Project("{FAE04EC0-301F-11D3-BF4B-00C04F79EFBC}") = "Core.Messaging", "Core.Messaging\Core.Messaging.csproj", "{5625B0E4-A812-4809-A6C8-0CEF7F516085}"
EndProject
Project("{FAE04EC0-301F-11D3-BF4B-00C04F79EFBC}") = "Stock.StockFetcher", "Stock.StockFetcher\Stock.StockFetcher.csproj", "{0362966B-6D6F-491B-808F-2A7B6205730D}"
EndProject
Project("{FAE04EC0-301F-11D3-BF4B-00C04F79EFBC}") = "Stock.StockAnalyzer", "Stock.StockAnalyzer\Stock.StockAnalyzer.csproj", "{BBCAE507-A401-4951-B944-4C538131B6F6}"
EndProject
Project("{FAE04EC0-301F-11D3-BF4B-00C04F79EFBC}") = "Stock.Models", "Stock.Models\Stock.Models.csproj", "{604C90BA-664B-4CD1-AF0D-4ED03182DCE5}"
EndProject
Project("{FAE04EC0-301F-11D3-BF4B-00C04F79EFBC}") = "Core.Log", "Core.Log\Core.Log.csproj", "{C0212E92-E1CF-4ECC-84CA-56C2F6C14217}"
EndProject
Global
	GlobalSection(SolutionConfigurationPlatforms) = preSolution
		Debug|Any CPU = Debug|Any CPU
		Debug|Mixed Platforms = Debug|Mixed Platforms
		Debug|x64 = Debug|x64
		Debug|x86 = Debug|x86
		Release|Any CPU = Release|Any CPU
		Release|Mixed Platforms = Release|Mixed Platforms
		Release|x64 = Release|x64
		Release|x86 = Release|x86
	EndGlobalSection
	GlobalSection(ProjectConfigurationPlatforms) = postSolution
		{6A3DD87E-9EF8-4E1B-897F-66D1BEDB4602}.Debug|Any CPU.ActiveCfg = Debug|Any CPU
		{6A3DD87E-9EF8-4E1B-897F-66D1BEDB4602}.Debug|Any CPU.Build.0 = Debug|Any CPU
		{6A3DD87E-9EF8-4E1B-897F-66D1BEDB4602}.Debug|Mixed Platforms.ActiveCfg = Debug|Any CPU
		{6A3DD87E-9EF8-4E1B-897F-66D1BEDB4602}.Debug|Mixed Platforms.Build.0 = Debug|Any CPU
		{6A3DD87E-9EF8-4E1B-897F-66D1BEDB4602}.Debug|x64.ActiveCfg = Debug|Any CPU
		{6A3DD87E-9EF8-4E1B-897F-66D1BEDB4602}.Debug|x86.ActiveCfg = Debug|Any CPU
		{6A3DD87E-9EF8-4E1B-897F-66D1BEDB4602}.Release|Any CPU.ActiveCfg = Release|Any CPU
		{6A3DD87E-9EF8-4E1B-897F-66D1BEDB4602}.Release|Any CPU.Build.0 = Release|Any CPU
		{6A3DD87E-9EF8-4E1B-897F-66D1BEDB4602}.Release|Mixed Platforms.ActiveCfg = Release|Any CPU
		{6A3DD87E-9EF8-4E1B-897F-66D1BEDB4602}.Release|Mixed Platforms.Build.0 = Release|Any CPU
		{6A3DD87E-9EF8-4E1B-897F-66D1BEDB4602}.Release|x64.ActiveCfg = Release|Any CPU
		{6A3DD87E-9EF8-4E1B-897F-66D1BEDB4602}.Release|x86.ActiveCfg = Release|Any CPU
		{CB124F34-866A-41F5-B4F0-43A92C11385F}.Debug|Any CPU.ActiveCfg = Debug|Any CPU
		{CB124F34-866A-41F5-B4F0-43A92C11385F}.Debug|Any CPU.Build.0 = Debug|Any CPU
		{CB124F34-866A-41F5-B4F0-43A92C11385F}.Debug|Mixed Platforms.ActiveCfg = Debug|Any CPU
		{CB124F34-866A-41F5-B4F0-43A92C11385F}.Debug|Mixed Platforms.Build.0 = Debug|Any CPU
		{CB124F34-866A-41F5-B4F0-43A92C11385F}.Debug|x64.ActiveCfg = Debug|Any CPU
		{CB124F34-866A-41F5-B4F0-43A92C11385F}.Debug|x86.ActiveCfg = Debug|Any CPU
		{CB124F34-866A-41F5-B4F0-43A92C11385F}.Release|Any CPU.ActiveCfg = Release|Any CPU
		{CB124F34-866A-41F5-B4F0-43A92C11385F}.Release|Any CPU.Build.0 = Release|Any CPU
		{CB124F34-866A-41F5-B4F0-43A92C11385F}.Release|Mixed Platforms.ActiveCfg = Release|Any CPU
		{CB124F34-866A-41F5-B4F0-43A92C11385F}.Release|Mixed Platforms.Build.0 = Release|Any CPU
		{CB124F34-866A-41F5-B4F0-43A92C11385F}.Release|x64.ActiveCfg = Release|Any CPU
		{CB124F34-866A-41F5-B4F0-43A92C11385F}.Release|x86.ActiveCfg = Release|Any CPU
		{5625B0E4-A812-4809-A6C8-0CEF7F516085}.Debug|Any CPU.ActiveCfg = Debug|Any CPU
		{5625B0E4-A812-4809-A6C8-0CEF7F516085}.Debug|Any CPU.Build.0 = Debug|Any CPU
		{5625B0E4-A812-4809-A6C8-0CEF7F516085}.Debug|Mixed Platforms.ActiveCfg = Debug|Any CPU
		{5625B0E4-A812-4809-A6C8-0CEF7F516085}.Debug|Mixed Platforms.Build.0 = Debug|Any CPU
		{5625B0E4-A812-4809-A6C8-0CEF7F516085}.Debug|x64.ActiveCfg = Debug|Any CPU
		{5625B0E4-A812-4809-A6C8-0CEF7F516085}.Debug|x86.ActiveCfg = Debug|Any CPU
		{5625B0E4-A812-4809-A6C8-0CEF7F516085}.Release|Any CPU.ActiveCfg = Release|Any CPU
		{5625B0E4-A812-4809-A6C8-0CEF7F516085}.Release|Any CPU.Build.0 = Release|Any CPU
		{5625B0E4-A812-4809-A6C8-0CEF7F516085}.Release|Mixed Platforms.ActiveCfg = Release|Any CPU
		{5625B0E4-A812-4809-A6C8-0CEF7F516085}.Release|Mixed Platforms.Build.0 = Release|Any CPU
		{5625B0E4-A812-4809-A6C8-0CEF7F516085}.Release|x64.ActiveCfg = Release|Any CPU
		{5625B0E4-A812-4809-A6C8-0CEF7F516085}.Release|x86.ActiveCfg = Release|Any CPU
		{0362966B-6D6F-491B-808F-2A7B6205730D}.Debug|Any CPU.ActiveCfg = Debug|Any CPU
		{0362966B-6D6F-491B-808F-2A7B6205730D}.Debug|Any CPU.Build.0 = Debug|Any CPU
		{0362966B-6D6F-491B-808F-2A7B6205730D}.Debug|Mixed Platforms.ActiveCfg = Debug|Any CPU
		{0362966B-6D6F-491B-808F-2A7B6205730D}.Debug|Mixed Platforms.Build.0 = Debug|Any CPU
		{0362966B-6D6F-491B-808F-2A7B6205730D}.Debug|x64.ActiveCfg = Debug|Any CPU
		{0362966B-6D6F-491B-808F-2A7B6205730D}.Debug|x86.ActiveCfg = Debug|Any CPU
		{0362966B-6D6F-491B-808F-2A7B6205730D}.Release|Any CPU.ActiveCfg = Release|Any CPU
		{0362966B-6D6F-491B-808F-2A7B6205730D}.Release|Any CPU.Build.0 = Release|Any CPU
		{0362966B-6D6F-491B-808F-2A7B6205730D}.Release|Mixed Platforms.ActiveCfg = Release|Any CPU
		{0362966B-6D6F-491B-808F-2A7B6205730D}.Release|Mixed Platforms.Build.0 = Release|Any CPU
		{0362966B-6D6F-491B-808F-2A7B6205730D}.Release|x64.ActiveCfg = Release|Any CPU
		{0362966B-6D6F-491B-808F-2A7B6205730D}.Release|x86.ActiveCfg = Release|Any CPU
		{BBCAE507-A401-4951-B944-4C538131B6F6}.Debug|Any CPU.ActiveCfg = Debug|Any CPU
		{BBCAE507-A401-4951-B944-4C538131B6F6}.Debug|Any CPU.Build.0 = Debug|Any CPU
		{BBCAE507-A401-4951-B944-4C538131B6F6}.Debug|Mixed Platforms.ActiveCfg = Debug|Any CPU
		{BBCAE507-A401-4951-B944-4C538131B6F6}.Debug|Mixed Platforms.Build.0 = Debug|Any CPU
		{BBCAE507-A401-4951-B944-4C538131B6F6}.Debug|x64.ActiveCfg = Debug|Any CPU
		{BBCAE507-A401-4951-B944-4C538131B6F6}.Debug|x86.ActiveCfg = Debug|Any CPU
		{BBCAE507-A401-4951-B944-4C538131B6F6}.Release|Any CPU.ActiveCfg = Release|Any CPU
		{BBCAE507-A401-4951-B944-4C538131B6F6}.Release|Any CPU.Build.0 = Release|Any CPU
		{BBCAE507-A401-4951-B944-4C538131B6F6}.Release|Mixed Platforms.ActiveCfg = Release|Any CPU
		{BBCAE507-A401-4951-B944-4C538131B6F6}.Release|Mixed Platforms.Build.0 = Release|Any CPU
		{BBCAE507-A401-4951-B944-4C538131B6F6}.Release|x64.ActiveCfg = Release|Any CPU
		{BBCAE507-A401-4951-B944-4C538131B6F6}.Release|x86.ActiveCfg = Release|Any CPU
		{604C90BA-664B-4CD1-AF0D-4ED03182DCE5}.Debug|Any CPU.ActiveCfg = Debug|Any CPU
		{604C90BA-664B-4CD1-AF0D-4ED03182DCE5}.Debug|Any CPU.Build.0 = Debug|Any CPU
		{604C90BA-664B-4CD1-AF0D-4ED03182DCE5}.Debug|Mixed Platforms.ActiveCfg = Debug|Any CPU
		{604C90BA-664B-4CD1-AF0D-4ED03182DCE5}.Debug|Mixed Platforms.Build.0 = Debug|Any CPU
		{604C90BA-664B-4CD1-AF0D-4ED03182DCE5}.Debug|x64.ActiveCfg = Debug|Any CPU
		{604C90BA-664B-4CD1-AF0D-4ED03182DCE5}.Debug|x86.ActiveCfg = Debug|Any CPU
		{604C90BA-664B-4CD1-AF0D-4ED03182DCE5}.Release|Any CPU.ActiveCfg = Release|Any CPU
		{604C90BA-664B-4CD1-AF0D-4ED03182DCE5}.Release|Any CPU.Build.0 = Release|Any CPU
		{604C90BA-664B-4CD1-AF0D-4ED03182DCE5}.Release|Mixed Platforms.ActiveCfg = Release|Any CPU
		{604C90BA-664B-4CD1-AF0D-4ED03182DCE5}.Release|Mixed Platforms.Build.0 = Release|Any CPU
		{604C90BA-664B-4CD1-AF0D-4ED03182DCE5}.Release|x64.ActiveCfg = Release|Any CPU
		{604C90BA-664B-4CD1-AF0D-4ED03182DCE5}.Release|x86.ActiveCfg = Release|Any CPU
		{C0212E92-E1CF-4ECC-84CA-56C2F6C14217}.Debug|Any CPU.ActiveCfg = Debug|Any CPU
		{C0212E92-E1CF-4ECC-84CA-56C2F6C14217}.Debug|Any CPU.Build.0 = Debug|Any CPU
		{C0212E92-E1CF-4ECC-84CA-56C2F6C14217}.Debug|Mixed Platforms.ActiveCfg = Debug|Any CPU
		{C0212E92-E1CF-4ECC-84CA-56C2F6C14217}.Debug|Mixed Platforms.Build.0 = Debug|Any CPU
		{C0212E92-E1CF-4ECC-84CA-56C2F6C14217}.Debug|x64.ActiveCfg = Debug|Any CPU
		{C0212E92-E1CF-4ECC-84CA-56C2F6C14217}.Debug|x86.ActiveCfg = Debug|Any CPU
		{C0212E92-E1CF-4ECC-84CA-56C2F6C14217}.Release|Any CPU.ActiveCfg = Release|Any CPU
		{C0212E92-E1CF-4ECC-84CA-56C2F6C14217}.Release|Any CPU.Build.0 = Release|Any CPU
		{C0212E92-E1CF-4ECC-84CA-56C2F6C14217}.Release|Mixed Platforms.ActiveCfg = Release|Any CPU
		{C0212E92-E1CF-4ECC-84CA-56C2F6C14217}.Release|Mixed Platforms.Build.0 = Release|Any CPU
		{C0212E92-E1CF-4ECC-84CA-56C2F6C14217}.Release|x64.ActiveCfg = Release|Any CPU
		{C0212E92-E1CF-4ECC-84CA-56C2F6C14217}.Release|x86.ActiveCfg = Release|Any CPU
	EndGlobalSection
	GlobalSection(SolutionProperties) = preSolution
		HideSolutionNode = FALSE
	EndGlobalSection
EndGlobal
