
Microsoft Visual Studio Solution File, Format Version 12.00
# Visual Studio 2013
VisualStudioVersion = 12.0.30501.0
MinimumVisualStudioVersion = 10.0.40219.1
Project("{FAE04EC0-301F-11D3-BF4B-00C04F79EFBC}") = "CollectData", "CollectData\CollectData.csproj", "{6A3DD87E-9EF8-4E1B-897F-66D1BEDB4602}"
EndProject
Project("{FAE04EC0-301F-11D3-BF4B-00C04F79EFBC}") = "CatchTheFish.DbEntities", "CatchTheFish.DbEntities\CatchTheFish.DbEntities.csproj", "{CB124F34-866A-41F5-B4F0-43A92C11385F}"
EndProject
Project("{FAE04EC0-301F-11D3-BF4B-00C04F79EFBC}") = "CardStock", "CardStock\CardStock.csproj", "{C67579A0-F0CE-48C7-B758-86E2ED89A472}"
EndProject
Global
	GlobalSection(SolutionConfigurationPlatforms) = preSolution
		Debug|Any CPU = Debug|Any CPU
		Debug|Mixed Platforms = Debug|Mixed Platforms
		Debug|x64 = Debug|x64
		Debug|x86 = Debug|x86
		Release|Any CPU = Release|Any CPU
		Release|Mixed Platforms = Release|Mixed Platforms
		Release|x64 = Release|x64
		Release|x86 = Release|x86
	EndGlobalSection
	GlobalSection(ProjectConfigurationPlatforms) = postSolution
		{6A3DD87E-9EF8-4E1B-897F-66D1BEDB4602}.Debug|Any CPU.ActiveCfg = Debug|Any CPU
		{6A3DD87E-9EF8-4E1B-897F-66D1BEDB4602}.Debug|Any CPU.Build.0 = Debug|Any CPU
		{6A3DD87E-9EF8-4E1B-897F-66D1BEDB4602}.Debug|Mixed Platforms.ActiveCfg = Debug|Any CPU
		{6A3DD87E-9EF8-4E1B-897F-66D1BEDB4602}.Debug|Mixed Platforms.Build.0 = Debug|Any CPU
		{6A3DD87E-9EF8-4E1B-897F-66D1BEDB4602}.Debug|x64.ActiveCfg = Debug|Any CPU
		{6A3DD87E-9EF8-4E1B-897F-66D1BEDB4602}.Debug|x86.ActiveCfg = Debug|Any CPU
		{6A3DD87E-9EF8-4E1B-897F-66D1BEDB4602}.Release|Any CPU.ActiveCfg = Release|Any CPU
		{6A3DD87E-9EF8-4E1B-897F-66D1BEDB4602}.Release|Any CPU.Build.0 = Release|Any CPU
		{6A3DD87E-9EF8-4E1B-897F-66D1BEDB4602}.Release|Mixed Platforms.ActiveCfg = Release|Any CPU
		{6A3DD87E-9EF8-4E1B-897F-66D1BEDB4602}.Release|Mixed Platforms.Build.0 = Release|Any CPU
		{6A3DD87E-9EF8-4E1B-897F-66D1BEDB4602}.Release|x64.ActiveCfg = Release|Any CPU
		{6A3DD87E-9EF8-4E1B-897F-66D1BEDB4602}.Release|x86.ActiveCfg = Release|Any CPU
		{CB124F34-866A-41F5-B4F0-43A92C11385F}.Debug|Any CPU.ActiveCfg = Debug|Any CPU
		{CB124F34-866A-41F5-B4F0-43A92C11385F}.Debug|Any CPU.Build.0 = Debug|Any CPU
		{CB124F34-866A-41F5-B4F0-43A92C11385F}.Debug|Mixed Platforms.ActiveCfg = Debug|Any CPU
		{CB124F34-866A-41F5-B4F0-43A92C11385F}.Debug|Mixed Platforms.Build.0 = Debug|Any CPU
		{CB124F34-866A-41F5-B4F0-43A92C11385F}.Debug|x64.ActiveCfg = Debug|Any CPU
		{CB124F34-866A-41F5-B4F0-43A92C11385F}.Debug|x86.ActiveCfg = Debug|Any CPU
		{CB124F34-866A-41F5-B4F0-43A92C11385F}.Release|Any CPU.ActiveCfg = Release|Any CPU
		{CB124F34-866A-41F5-B4F0-43A92C11385F}.Release|Any CPU.Build.0 = Release|Any CPU
		{CB124F34-866A-41F5-B4F0-43A92C11385F}.Release|Mixed Platforms.ActiveCfg = Release|Any CPU
		{CB124F34-866A-41F5-B4F0-43A92C11385F}.Release|Mixed Platforms.Build.0 = Release|Any CPU
		{CB124F34-866A-41F5-B4F0-43A92C11385F}.Release|x64.ActiveCfg = Release|Any CPU
		{CB124F34-866A-41F5-B4F0-43A92C11385F}.Release|x86.ActiveCfg = Release|Any CPU
		{C67579A0-F0CE-48C7-B758-86E2ED89A472}.Debug|Any CPU.ActiveCfg = Debug|x86
		{C67579A0-F0CE-48C7-B758-86E2ED89A472}.Debug|Mixed Platforms.ActiveCfg = Debug|x86
		{C67579A0-F0CE-48C7-B758-86E2ED89A472}.Debug|Mixed Platforms.Build.0 = Debug|x86
		{C67579A0-F0CE-48C7-B758-86E2ED89A472}.Debug|x64.ActiveCfg = Debug|x86
		{C67579A0-F0CE-48C7-B758-86E2ED89A472}.Debug|x86.ActiveCfg = Debug|x86
		{C67579A0-F0CE-48C7-B758-86E2ED89A472}.Debug|x86.Build.0 = Debug|x86
		{C67579A0-F0CE-48C7-B758-86E2ED89A472}.Release|Any CPU.ActiveCfg = Release|x86
		{C67579A0-F0CE-48C7-B758-86E2ED89A472}.Release|Mixed Platforms.ActiveCfg = Release|x86
		{C67579A0-F0CE-48C7-B758-86E2ED89A472}.Release|Mixed Platforms.Build.0 = Release|x86
		{C67579A0-F0CE-48C7-B758-86E2ED89A472}.Release|x64.ActiveCfg = Release|x86
		{C67579A0-F0CE-48C7-B758-86E2ED89A472}.Release|x86.ActiveCfg = Release|x86
		{C67579A0-F0CE-48C7-B758-86E2ED89A472}.Release|x86.Build.0 = Release|x86
	EndGlobalSection
	GlobalSection(SolutionProperties) = preSolution
		HideSolutionNode = FALSE
	EndGlobalSection
EndGlobal
